// !$*UTF8*$!
{
	archiveVersion = 1;
	classes = {
	};
	objectVersion = 50;
	objects = {

/* Begin PBXBuildFile section */
		296EC405222431A800675625 /* APIsRequests.swift in Sources */ = {isa = PBXBuildFile; fileRef = 296EC404222431A800675625 /* APIsRequests.swift */; };
		296EC4072224443C00675625 /* MapViewController.swift in Sources */ = {isa = PBXBuildFile; fileRef = 296EC4062224443C00675625 /* MapViewController.swift */; };
		296EC40B2224962100675625 /* Location.swift in Sources */ = {isa = PBXBuildFile; fileRef = 296EC40A2224962100675625 /* Location.swift */; };
		296EC40D2224968900675625 /* String+Date.swift in Sources */ = {isa = PBXBuildFile; fileRef = 296EC40C2224968900675625 /* String+Date.swift */; };
		296EC40F22249E7400675625 /* ContainerViewController.swift in Sources */ = {isa = PBXBuildFile; fileRef = 296EC40E22249E7400675625 /* ContainerViewController.swift */; };
		296EC41122249EDD00675625 /* Extensions.swift in Sources */ = {isa = PBXBuildFile; fileRef = 296EC41022249EDD00675625 /* Extensions.swift */; };
		299A381D222557F000CBD4FF /* TableViewController.swift in Sources */ = {isa = PBXBuildFile; fileRef = 299A381C222557F000CBD4FF /* TableViewController.swift */; };
		299A381F222565F600CBD4FF /* AddLocationViewController.swift in Sources */ = {isa = PBXBuildFile; fileRef = 299A381E222565F600CBD4FF /* AddLocationViewController.swift */; };
		299A38212225671100CBD4FF /* UIResponderExtension.swift in Sources */ = {isa = PBXBuildFile; fileRef = 299A38202225671100CBD4FF /* UIResponderExtension.swift */; };
		299A3823222568F800CBD4FF /* ConfirmLocationViewController.swift in Sources */ = {isa = PBXBuildFile; fileRef = 299A3822222568F800CBD4FF /* ConfirmLocationViewController.swift */; };
		29CD3329221F0D9300D03701 /* Student.swift in Sources */ = {isa = PBXBuildFile; fileRef = 29CD3328221F0D9300D03701 /* Student.swift */; };
		29CE52F2220B49C500886661 /* AppDelegate.swift in Sources */ = {isa = PBXBuildFile; fileRef = 29CE52F1220B49C500886661 /* AppDelegate.swift */; };
		29CE52F7220B49C500886661 /* Main.storyboard in Resources */ = {isa = PBXBuildFile; fileRef = 29CE52F5220B49C500886661 /* Main.storyboard */; };
		29CE52F9220B49C700886661 /* Assets.xcassets in Resources */ = {isa = PBXBuildFile; fileRef = 29CE52F8220B49C700886661 /* Assets.xcassets */; };
		29CE52FC220B49C700886661 /* LaunchScreen.storyboard in Resources */ = {isa = PBXBuildFile; fileRef = 29CE52FA220B49C700886661 /* LaunchScreen.storyboard */; };
		29CE5304220B4D9B00886661 /* LoginViewController.swift in Sources */ = {isa = PBXBuildFile; fileRef = 29CE5303220B4D9B00886661 /* LoginViewController.swift */; };
		29CE5306220B4E5500886661 /* Application.storyboard in Resources */ = {isa = PBXBuildFile; fileRef = 29CE5305220B4E5500886661 /* Application.storyboard */; };
		29CE530A220B724000886661 /* Constant.swift in Sources */ = {isa = PBXBuildFile; fileRef = 29CE5309220B724000886661 /* Constant.swift */; };
/* End PBXBuildFile section */

/* Begin PBXFileReference section */
		296EC404222431A800675625 /* APIsRequests.swift */ = {isa = PBXFileReference; lastKnownFileType = sourcecode.swift; path = APIsRequests.swift; sourceTree = "<group>"; };
		296EC4062224443C00675625 /* MapViewController.swift */ = {isa = PBXFileReference; lastKnownFileType = sourcecode.swift; path = MapViewController.swift; sourceTree = "<group>"; };
		296EC40A2224962100675625 /* Location.swift */ = {isa = PBXFileReference; lastKnownFileType = sourcecode.swift; path = Location.swift; sourceTree = "<group>"; };
		296EC40C2224968900675625 /* String+Date.swift */ = {isa = PBXFileReference; lastKnownFileType = sourcecode.swift; path = "String+Date.swift"; sourceTree = "<group>"; };
		296EC40E22249E7400675625 /* ContainerViewController.swift */ = {isa = PBXFileReference; lastKnownFileType = sourcecode.swift; path = ContainerViewController.swift; sourceTree = "<group>"; };
		296EC41022249EDD00675625 /* Extensions.swift */ = {isa = PBXFileReference; lastKnownFileType = sourcecode.swift; path = Extensions.swift; sourceTree = "<group>"; };
		299A381C222557F000CBD4FF /* TableViewController.swift */ = {isa = PBXFileReference; lastKnownFileType = sourcecode.swift; path = TableViewController.swift; sourceTree = "<group>"; };
		299A381E222565F600CBD4FF /* AddLocationViewController.swift */ = {isa = PBXFileReference; lastKnownFileType = sourcecode.swift; path = AddLocationViewController.swift; sourceTree = "<group>"; };
		299A38202225671100CBD4FF /* UIResponderExtension.swift */ = {isa = PBXFileReference; lastKnownFileType = sourcecode.swift; path = UIResponderExtension.swift; sourceTree = "<group>"; };
		299A3822222568F800CBD4FF /* ConfirmLocationViewController.swift */ = {isa = PBXFileReference; lastKnownFileType = sourcecode.swift; path = ConfirmLocationViewController.swift; sourceTree = "<group>"; };
		29CD3328221F0D9300D03701 /* Student.swift */ = {isa = PBXFileReference; lastKnownFileType = sourcecode.swift; path = Student.swift; sourceTree = "<group>"; };
		29CE52EE220B49C500886661 /* OnTheMap.app */ = {isa = PBXFileReference; explicitFileType = wrapper.application; includeInIndex = 0; path = OnTheMap.app; sourceTree = BUILT_PRODUCTS_DIR; };
		29CE52F1220B49C500886661 /* AppDelegate.swift */ = {isa = PBXFileReference; lastKnownFileType = sourcecode.swift; path = AppDelegate.swift; sourceTree = "<group>"; };
		29CE52F6220B49C500886661 /* Base */ = {isa = PBXFileReference; lastKnownFileType = file.storyboard; name = Base; path = Base.lproj/Main.storyboard; sourceTree = "<group>"; };
		29CE52F8220B49C700886661 /* Assets.xcassets */ = {isa = PBXFileReference; lastKnownFileType = folder.assetcatalog; path = Assets.xcassets; sourceTree = "<group>"; };
		29CE52FB220B49C700886661 /* Base */ = {isa = PBXFileReference; lastKnownFileType = file.storyboard; name = Base; path = Base.lproj/LaunchScreen.storyboard; sourceTree = "<group>"; };
		29CE52FD220B49C700886661 /* Info.plist */ = {isa = PBXFileReference; lastKnownFileType = text.plist.xml; path = Info.plist; sourceTree = "<group>"; };
		29CE5303220B4D9B00886661 /* LoginViewController.swift */ = {isa = PBXFileReference; lastKnownFileType = sourcecode.swift; path = LoginViewController.swift; sourceTree = "<group>"; };
		29CE5305220B4E5500886661 /* Application.storyboard */ = {isa = PBXFileReference; lastKnownFileType = file.storyboard; path = Application.storyboard; sourceTree = "<group>"; };
		29CE5309220B724000886661 /* Constant.swift */ = {isa = PBXFileReference; lastKnownFileType = sourcecode.swift; path = Constant.swift; sourceTree = "<group>"; };
/* End PBXFileReference section */

/* Begin PBXFrameworksBuildPhase section */
		29CE52EB220B49C500886661 /* Frameworks */ = {
			isa = PBXFrameworksBuildPhase;
			buildActionMask = 2147483647;
			files = (
			);
			runOnlyForDeploymentPostprocessing = 0;
		};
/* End PBXFrameworksBuildPhase section */

/* Begin PBXGroup section */
		29CE52E5220B49C500886661 = {
			isa = PBXGroup;
			children = (
				29CE52F0220B49C500886661 /* OnTheMap */,
				29CE52EF220B49C500886661 /* Products */,
			);
			sourceTree = "<group>";
		};
		29CE52EF220B49C500886661 /* Products */ = {
			isa = PBXGroup;
			children = (
				29CE52EE220B49C500886661 /* OnTheMap.app */,
			);
			name = Products;
			sourceTree = "<group>";
		};
		29CE52F0220B49C500886661 /* OnTheMap */ = {
			isa = PBXGroup;
			children = (
				29CE52F1220B49C500886661 /* AppDelegate.swift */,
				29CE52F5220B49C500886661 /* Main.storyboard */,
				29CE52F8220B49C700886661 /* Assets.xcassets */,
				29CE52FA220B49C700886661 /* LaunchScreen.storyboard */,
				29CE52FD220B49C700886661 /* Info.plist */,
				29CE5303220B4D9B00886661 /* LoginViewController.swift */,
				29CE5305220B4E5500886661 /* Application.storyboard */,
				29CE5309220B724000886661 /* Constant.swift */,
				29CD3328221F0D9300D03701 /* Student.swift */,
				296EC404222431A800675625 /* APIsRequests.swift */,
				296EC4062224443C00675625 /* MapViewController.swift */,
				296EC40A2224962100675625 /* Location.swift */,
				296EC40C2224968900675625 /* String+Date.swift */,
				296EC40E22249E7400675625 /* ContainerViewController.swift */,
				296EC41022249EDD00675625 /* Extensions.swift */,
				299A381C222557F000CBD4FF /* TableViewController.swift */,
				299A381E222565F600CBD4FF /* AddLocationViewController.swift */,
				299A38202225671100CBD4FF /* UIResponderExtension.swift */,
				299A3822222568F800CBD4FF /* ConfirmLocationViewController.swift */,
			);
			path = OnTheMap;
			sourceTree = "<group>";
		};
/* End PBXGroup section */

/* Begin PBXNativeTarget section */
		29CE52ED220B49C500886661 /* OnTheMap */ = {
			isa = PBXNativeTarget;
			buildConfigurationList = 29CE5300220B49C700886661 /* Build configuration list for PBXNativeTarget "OnTheMap" */;
			buildPhases = (
				29CE52EA220B49C500886661 /* Sources */,
				29CE52EB220B49C500886661 /* Frameworks */,
				29CE52EC220B49C500886661 /* Resources */,
			);
			buildRules = (
			);
			dependencies = (
			);
			name = OnTheMap;
			productName = OnTheMap;
			productReference = 29CE52EE220B49C500886661 /* OnTheMap.app */;
			productType = "com.apple.product-type.application";
		};
/* End PBXNativeTarget section */

/* Begin PBXProject section */
		29CE52E6220B49C500886661 /* Project object */ = {
			isa = PBXProject;
			attributes = {
				LastSwiftUpdateCheck = 1010;
				LastUpgradeCheck = 1010;
				ORGANIZATIONNAME = "Khaled H";
				TargetAttributes = {
					29CE52ED220B49C500886661 = {
						CreatedOnToolsVersion = 10.1;
					};
				};
			};
			buildConfigurationList = 29CE52E9220B49C500886661 /* Build configuration list for PBXProject "OnTheMap" */;
			compatibilityVersion = "Xcode 9.3";
			developmentRegion = en;
			hasScannedForEncodings = 0;
			knownRegions = (
				en,
				Base,
			);
			mainGroup = 29CE52E5220B49C500886661;
			productRefGroup = 29CE52EF220B49C500886661 /* Products */;
			projectDirPath = "";
			projectRoot = "";
			targets = (
				29CE52ED220B49C500886661 /* OnTheMap */,
			);
		};
/* End PBXProject section */

/* Begin PBXResourcesBuildPhase section */
		29CE52EC220B49C500886661 /* Resources */ = {
			isa = PBXResourcesBuildPhase;
			buildActionMask = 2147483647;
			files = (
				29CE52FC220B49C700886661 /* LaunchScreen.storyboard in Resources */,
				29CE5306220B4E5500886661 /* Application.storyboard in Resources */,
				29CE52F9220B49C700886661 /* Assets.xcassets in Resources */,
				29CE52F7220B49C500886661 /* Main.storyboard in Resources */,
			);
			runOnlyForDeploymentPostprocessing = 0;
		};
/* End PBXResourcesBuildPhase section */

/* Begin PBXSourcesBuildPhase section */
		29CE52EA220B49C500886661 /* Sources */ = {
			isa = PBXSourcesBuildPhase;
			buildActionMask = 2147483647;
			files = (
				296EC4072224443C00675625 /* MapViewController.swift in Sources */,
				299A381D222557F000CBD4FF /* TableViewController.swift in Sources */,
				299A38212225671100CBD4FF /* UIResponderExtension.swift in Sources */,
				29CE5304220B4D9B00886661 /* LoginViewController.swift in Sources */,
				296EC40B2224962100675625 /* Location.swift in Sources */,
				29CE530A220B724000886661 /* Constant.swift in Sources */,
				299A381F222565F600CBD4FF /* AddLocationViewController.swift in Sources */,
				299A3823222568F800CBD4FF /* ConfirmLocationViewController.swift in Sources */,
				29CE52F2220B49C500886661 /* AppDelegate.swift in Sources */,
				296EC41122249EDD00675625 /* Extensions.swift in Sources */,
				296EC405222431A800675625 /* APIsRequests.swift in Sources */,
				29CD3329221F0D9300D03701 /* Student.swift in Sources */,
				296EC40F22249E7400675625 /* ContainerViewController.swift in Sources */,
				296EC40D2224968900675625 /* String+Date.swift in Sources */,
			);
			runOnlyForDeploymentPostprocessing = 0;
		};
/* End PBXSourcesBuildPhase section */

/* Begin PBXVariantGroup section */
		29CE52F5220B49C500886661 /* Main.storyboard */ = {
			isa = PBXVariantGroup;
			children = (
				29CE52F6220B49C500886661 /* Base */,
			);
			name = Main.storyboard;
			sourceTree = "<group>";
		};
		29CE52FA220B49C700886661 /* LaunchScreen.storyboard */ = {
			isa = PBXVariantGroup;
			children = (
				29CE52FB220B49C700886661 /* Base */,
			);
			name = LaunchScreen.storyboard;
			sourceTree = "<group>";
		};
/* End PBXVariantGroup section */

/* Begin XCBuildConfiguration section */
		29CE52FE220B49C700886661 /* Debug */ = {
			isa = XCBuildConfiguration;
			buildSettings = {
				ALWAYS_SEARCH_USER_PATHS = NO;
				CLANG_ANALYZER_NONNULL = YES;
				CLANG_ANALYZER_NUMBER_OBJECT_CONVERSION = YES_AGGRESSIVE;
				CLANG_CXX_LANGUAGE_STANDARD = "gnu++14";
				CLANG_CXX_LIBRARY = "libc++";
				CLANG_ENABLE_MODULES = YES;
				CLANG_ENABLE_OBJC_ARC = YES;
				CLANG_ENABLE_OBJC_WEAK = YES;
				CLANG_WARN_BLOCK_CAPTURE_AUTORELEASING = YES;
				CLANG_WARN_BOOL_CONVERSION = YES;
				CLANG_WARN_COMMA = YES;
				CLANG_WARN_CONSTANT_CONVERSION = YES;
				CLANG_WARN_DEPRECATED_OBJC_IMPLEMENTATIONS = YES;
				CLANG_WARN_DIRECT_OBJC_ISA_USAGE = YES_ERROR;
				CLANG_WARN_DOCUMENTATION_COMMENTS = YES;
				CLANG_WARN_EMPTY_BODY = YES;
				CLANG_WARN_ENUM_CONVERSION = YES;
				CLANG_WARN_INFINITE_RECURSION = YES;
				CLANG_WARN_INT_CONVERSION = YES;
				CLANG_WARN_NON_LITERAL_NULL_CONVERSION = YES;
				CLANG_WARN_OBJC_IMPLICIT_RETAIN_SELF = YES;
				CLANG_WARN_OBJC_LITERAL_CONVERSION = YES;
				CLANG_WARN_OBJC_ROOT_CLASS = YES_ERROR;
				CLANG_WARN_RANGE_LOOP_ANALYSIS = YES;
				CLANG_WARN_STRICT_PROTOTYPES = YES;
				CLANG_WARN_SUSPICIOUS_MOVE = YES;
				CLANG_WARN_UNGUARDED_AVAILABILITY = YES_AGGRESSIVE;
				CLANG_WARN_UNREACHABLE_CODE = YES;
				CLANG_WARN__DUPLICATE_METHOD_MATCH = YES;
				CODE_SIGN_IDENTITY = "iPhone Developer";
				COPY_PHASE_STRIP = NO;
				DEBUG_INFORMATION_FORMAT = dwarf;
				ENABLE_STRICT_OBJC_MSGSEND = YES;
				ENABLE_TESTABILITY = YES;
				GCC_C_LANGUAGE_STANDARD = gnu11;
				GCC_DYNAMIC_NO_PIC = NO;
				GCC_NO_COMMON_BLOCKS = YES;
				GCC_OPTIMIZATION_LEVEL = 0;
				GCC_PREPROCESSOR_DEFINITIONS = (
					"DEBUG=1",
					"$(inherited)",
				);
				GCC_WARN_64_TO_32_BIT_CONVERSION = YES;
				GCC_WARN_ABOUT_RETURN_TYPE = YES_ERROR;
				GCC_WARN_UNDECLARED_SELECTOR = YES;
				GCC_WARN_UNINITIALIZED_AUTOS = YES_AGGRESSIVE;
				GCC_WARN_UNUSED_FUNCTION = YES;
				GCC_WARN_UNUSED_VARIABLE = YES;
				IPHONEOS_DEPLOYMENT_TARGET = 12.1;
				MTL_ENABLE_DEBUG_INFO = INCLUDE_SOURCE;
				MTL_FAST_MATH = YES;
				ONLY_ACTIVE_ARCH = YES;
				SDKROOT = iphoneos;
				SWIFT_ACTIVE_COMPILATION_CONDITIONS = DEBUG;
				SWIFT_OPTIMIZATION_LEVEL = "-Onone";
			};
			name = Debug;
		};
		29CE52FF220B49C700886661 /* Release */ = {
			isa = XCBuildConfiguration;
			buildSettings = {
				ALWAYS_SEARCH_USER_PATHS = NO;
				CLANG_ANALYZER_NONNULL = YES;
				CLANG_ANALYZER_NUMBER_OBJECT_CONVERSION = YES_AGGRESSIVE;
				CLANG_CXX_LANGUAGE_STANDARD = "gnu++14";
				CLANG_CXX_LIBRARY = "libc++";
				CLANG_ENABLE_MODULES = YES;
				CLANG_ENABLE_OBJC_ARC = YES;
				CLANG_ENABLE_OBJC_WEAK = YES;
				CLANG_WARN_BLOCK_CAPTURE_AUTORELEASING = YES;
				CLANG_WARN_BOOL_CONVERSION = YES;
				CLANG_WARN_COMMA = YES;
				CLANG_WARN_CONSTANT_CONVERSION = YES;
				CLANG_WARN_DEPRECATED_OBJC_IMPLEMENTATIONS = YES;
				CLANG_WARN_DIRECT_OBJC_ISA_USAGE = YES_ERROR;
				CLANG_WARN_DOCUMENTATION_COMMENTS = YES;
				CLANG_WARN_EMPTY_BODY = YES;
				CLANG_WARN_ENUM_CONVERSION = YES;
				CLANG_WARN_INFINITE_RECURSION = YES;
				CLANG_WARN_INT_CONVERSION = YES;
				CLANG_WARN_NON_LITERAL_NULL_CONVERSION = YES;
				CLANG_WARN_OBJC_IMPLICIT_RETAIN_SELF = YES;
				CLANG_WARN_OBJC_LITERAL_CONVERSION = YES;
				CLANG_WARN_OBJC_ROOT_CLASS = YES_ERROR;
				CLANG_WARN_RANGE_LOOP_ANALYSIS = YES;
				CLANG_WARN_STRICT_PROTOTYPES = YES;
				CLANG_WARN_SUSPICIOUS_MOVE = YES;
				CLANG_WARN_UNGUARDED_AVAILABILITY = YES_AGGRESSIVE;
				CLANG_WARN_UNREACHABLE_CODE = YES;
				CLANG_WARN__DUPLICATE_METHOD_MATCH = YES;
				CODE_SIGN_IDENTITY = "iPhone Developer";
				COPY_PHASE_STRIP = NO;
				DEBUG_INFORMATION_FORMAT = "dwarf-with-dsym";
				ENABLE_NS_ASSERTIONS = NO;
				ENABLE_STRICT_OBJC_MSGSEND = YES;
				GCC_C_LANGUAGE_STANDARD = gnu11;
				GCC_NO_COMMON_BLOCKS = YES;
				GCC_WARN_64_TO_32_BIT_CONVERSION = YES;
				GCC_WARN_ABOUT_RETURN_TYPE = YES_ERROR;
				GCC_WARN_UNDECLARED_SELECTOR = YES;
				GCC_WARN_UNINITIALIZED_AUTOS = YES_AGGRESSIVE;
				GCC_WARN_UNUSED_FUNCTION = YES;
				GCC_WARN_UNUSED_VARIABLE = YES;
				IPHONEOS_DEPLOYMENT_TARGET = 12.1;
				MTL_ENABLE_DEBUG_INFO = NO;
				MTL_FAST_MATH = YES;
				SDKROOT = iphoneos;
				SWIFT_COMPILATION_MODE = wholemodule;
				SWIFT_OPTIMIZATION_LEVEL = "-O";
				VALIDATE_PRODUCT = YES;
			};
			name = Release;
		};
		29CE5301220B49C700886661 /* Debug */ = {
			isa = XCBuildConfiguration;
			buildSettings = {
				ASSETCATALOG_COMPILER_APPICON_NAME = AppIcon;
				CODE_SIGN_STYLE = Automatic;
				DEVELOPMENT_TEAM = WNQXTPYNXK;
				INFOPLIST_FILE = OnTheMap/Info.plist;
				LD_RUNPATH_SEARCH_PATHS = (
					"$(inherited)",
					"@executable_path/Frameworks",
				);
				PRODUCT_BUNDLE_IDENTIFIER = khaled.OnTheMap;
				PRODUCT_NAME = "$(TARGET_NAME)";
				SWIFT_VERSION = 4.2;
				TARGETED_DEVICE_FAMILY = "1,2";
			};
			name = Debug;
		};
		29CE5302220B49C700886661 /* Release */ = {
			isa = XCBuildConfiguration;
			buildSettings = {
				ASSETCATALOG_COMPILER_APPICON_NAME = AppIcon;
				CODE_SIGN_STYLE = Automatic;
				DEVELOPMENT_TEAM = WNQXTPYNXK;
				INFOPLIST_FILE = OnTheMap/Info.plist;
				LD_RUNPATH_SEARCH_PATHS = (
					"$(inherited)",
					"@executable_path/Frameworks",
				);
				PRODUCT_BUNDLE_IDENTIFIER = khaled.OnTheMap;
				PRODUCT_NAME = "$(TARGET_NAME)";
				SWIFT_VERSION = 4.2;
				TARGETED_DEVICE_FAMILY = "1,2";
			};
			name = Release;
		};
/* End XCBuildConfiguration section */

/* Begin XCConfigurationList section */
		29CE52E9220B49C500886661 /* Build configuration list for PBXProject "OnTheMap" */ = {
			isa = XCConfigurationList;
			buildConfigurations = (
				29CE52FE220B49C700886661 /* Debug */,
				29CE52FF220B49C700886661 /* Release */,
			);
			defaultConfigurationIsVisible = 0;
			defaultConfigurationName = Release;
		};
		29CE5300220B49C700886661 /* Build configuration list for PBXNativeTarget "OnTheMap" */ = {
			isa = XCConfigurationList;
			buildConfigurations = (
				29CE5301220B49C700886661 /* Debug */,
				29CE5302220B49C700886661 /* Release */,
			);
			defaultConfigurationIsVisible = 0;
			defaultConfigurationName = Release;
		};
/* End XCConfigurationList section */
	};
	rootObject = 29CE52E6220B49C500886661 /* Project object */;
}
